
Microsoft Visual Studio Solution File, Format Version 12.00
# Visual Studio Version 16
VisualStudioVersion = 16.0.31402.337
MinimumVisualStudioVersion = 10.0.40219.1
Project("{FAE04EC0-301F-11D3-BF4B-00C04F79EFBC}") = "ClassLibrary1", "ClassLibrary1\ClassLibrary1.csproj", "{777DBDE2-A4F3-4890-A7C0-68F9B4A695BA}"
EndProject
Global
	GlobalSection(SolutionConfigurationPlatforms) = preSolution
		Debug|Any CPU = Debug|Any CPU
		Release|Any CPU = Release|Any CPU
	EndGlobalSection
	GlobalSection(ProjectConfigurationPlatforms) = postSolution
		{777DBDE2-A4F3-4890-A7C0-68F9B4A695BA}.Debug|Any CPU.ActiveCfg = Debug|Any CPU
		{777DBDE2-A4F3-4890-A7C0-68F9B4A695BA}.Debug|Any CPU.Build.0 = Debug|Any CPU
		{777DBDE2-A4F3-4890-A7C0-68F9B4A695BA}.Release|Any CPU.ActiveCfg = Release|Any CPU
		{777DBDE2-A4F3-4890-A7C0-68F9B4A695BA}.Release|Any CPU.Build.0 = Release|Any CPU
	EndGlobalSection
	GlobalSection(SolutionProperties) = preSolution
		HideSolutionNode = FALSE
	EndGlobalSection
	GlobalSection(ExtensibilityGlobals) = postSolution
		SolutionGuid = {A4FCA991-D2BF-442E-B174-C4C4555A8CFE}
	EndGlobalSection
EndGlobal
